
Microsoft Visual Studio Solution File, Format Version 11.00
# Visual C# Express 2010
Project("{FAE04EC0-301F-11D3-BF4B-00C04F79EFBC}") = "Labs1", "Labs1\Labs1.csproj", "{CF08E31E-5168-48FE-B1E3-03EDEF5E9BFB}"
EndProject
Global
	GlobalSection(SolutionConfigurationPlatforms) = preSolution
		Debug|x86 = Debug|x86
		Release|x86 = Release|x86
	EndGlobalSection
	GlobalSection(ProjectConfigurationPlatforms) = postSolution
		{CF08E31E-5168-48FE-B1E3-03EDEF5E9BFB}.Debug|x86.ActiveCfg = Debug|x86
		{CF08E31E-5168-48FE-B1E3-03EDEF5E9BFB}.Debug|x86.Build.0 = Debug|x86
		{CF08E31E-5168-48FE-B1E3-03EDEF5E9BFB}.Release|x86.ActiveCfg = Release|x86
		{CF08E31E-5168-48FE-B1E3-03EDEF5E9BFB}.Release|x86.Build.0 = Release|x86
	EndGlobalSection
	GlobalSection(SolutionProperties) = preSolution
		HideSolutionNode = FALSE
	EndGlobalSection
EndGlobal
