
Microsoft Visual Studio Solution File, Format Version 11.00
# Visual C# Express 2010
Project("{FAE04EC0-301F-11D3-BF4B-00C04F79EFBC}") = "Lab5", "Lab5\Lab5\Lab5.csproj", "{E4485335-D172-49F2-9C06-DA4BE26D1DB0}"
EndProject
Project("{96E2B04D-8817-42C6-938A-82C39BA4D311}") = "Lab5Content", "Lab5\Lab5Content\Lab5Content.contentproj", "{E87AF1E5-D5D8-414F-AC7B-663476504314}"
EndProject
Global
	GlobalSection(SolutionConfigurationPlatforms) = preSolution
		Debug|x86 = Debug|x86
		Release|x86 = Release|x86
	EndGlobalSection
	GlobalSection(ProjectConfigurationPlatforms) = postSolution
		{E4485335-D172-49F2-9C06-DA4BE26D1DB0}.Debug|x86.ActiveCfg = Debug|x86
		{E4485335-D172-49F2-9C06-DA4BE26D1DB0}.Debug|x86.Build.0 = Debug|x86
		{E4485335-D172-49F2-9C06-DA4BE26D1DB0}.Release|x86.ActiveCfg = Release|x86
		{E4485335-D172-49F2-9C06-DA4BE26D1DB0}.Release|x86.Build.0 = Release|x86
		{E87AF1E5-D5D8-414F-AC7B-663476504314}.Debug|x86.ActiveCfg = Debug|x86
		{E87AF1E5-D5D8-414F-AC7B-663476504314}.Release|x86.ActiveCfg = Release|x86
	EndGlobalSection
	GlobalSection(SolutionProperties) = preSolution
		HideSolutionNode = FALSE
	EndGlobalSection
EndGlobal
