
Microsoft Visual Studio Solution File, Format Version 11.00
# Visual C# Express 2010
Project("{FAE04EC0-301F-11D3-BF4B-00C04F79EFBC}") = "Lab6", "Lab6\Lab6\Lab6.csproj", "{FC5AE62B-6C18-4360-B057-3F5EE30D508D}"
EndProject
Project("{96E2B04D-8817-42C6-938A-82C39BA4D311}") = "Lab6Content", "Lab6\Lab6Content\Lab6Content.contentproj", "{01A25E6D-25C8-4264-AF87-828C5292E70B}"
EndProject
Global
	GlobalSection(SolutionConfigurationPlatforms) = preSolution
		Debug|x86 = Debug|x86
		Release|x86 = Release|x86
	EndGlobalSection
	GlobalSection(ProjectConfigurationPlatforms) = postSolution
		{FC5AE62B-6C18-4360-B057-3F5EE30D508D}.Debug|x86.ActiveCfg = Debug|x86
		{FC5AE62B-6C18-4360-B057-3F5EE30D508D}.Debug|x86.Build.0 = Debug|x86
		{FC5AE62B-6C18-4360-B057-3F5EE30D508D}.Release|x86.ActiveCfg = Release|x86
		{FC5AE62B-6C18-4360-B057-3F5EE30D508D}.Release|x86.Build.0 = Release|x86
		{01A25E6D-25C8-4264-AF87-828C5292E70B}.Debug|x86.ActiveCfg = Debug|x86
		{01A25E6D-25C8-4264-AF87-828C5292E70B}.Release|x86.ActiveCfg = Release|x86
	EndGlobalSection
	GlobalSection(SolutionProperties) = preSolution
		HideSolutionNode = FALSE
	EndGlobalSection
EndGlobal
